Microsoft Visual Studio Solution File, Format Version 12.00
# Visual Studio Version 16
VisualStudioVersion = 16.0.30114.105
MinimumVisualStudioVersion = 10.0.40219.1
Project("{FAE04EC0-301F-11D3-BF4B-00C04F79EFBC}") = "MeGUI", "MeGUI.csproj", "{12D5215B-0254-4616-A53C-C8B7B6A2C8E9}"
EndProject
Project("{2150E333-8FDC-42A3-9474-1A3956D46DE8}") = "Solution Items", "Solution Items", "{26BBB78A-6153-4C2A-BBDB-5AEB67F9E4EB}"
	ProjectSection(SolutionItems) = preProject
		.editorconfig = .editorconfig
	EndProjectSection
EndProject
Global
	GlobalSection(SolutionConfigurationPlatforms) = preSolution
		Debug|x64 = Debug|x64
		Debug|x86 = Debug|x86
		Release|x64 = Release|x64
		Release|x86 = Release|x86
	EndGlobalSection
	GlobalSection(ProjectConfigurationPlatforms) = postSolution
		{12D5215B-0254-4616-A53C-C8B7B6A2C8E9}.Debug|x64.ActiveCfg = Debug|x64
		{12D5215B-0254-4616-A53C-C8B7B6A2C8E9}.Debug|x64.Build.0 = Debug|x64
		{12D5215B-0254-4616-A53C-C8B7B6A2C8E9}.Debug|x86.ActiveCfg = Debug|x86
		{12D5215B-0254-4616-A53C-C8B7B6A2C8E9}.Debug|x86.Build.0 = Debug|x86
		{12D5215B-0254-4616-A53C-C8B7B6A2C8E9}.Release|x64.ActiveCfg = Release|x64
		{12D5215B-0254-4616-A53C-C8B7B6A2C8E9}.Release|x64.Build.0 = Release|x64
		{12D5215B-0254-4616-A53C-C8B7B6A2C8E9}.Release|x86.ActiveCfg = Release|x86
		{12D5215B-0254-4616-A53C-C8B7B6A2C8E9}.Release|x86.Build.0 = Release|x86
	EndGlobalSection
	GlobalSection(SolutionProperties) = preSolution
		HideSolutionNode = FALSE
	EndGlobalSection
	GlobalSection(ExtensibilityGlobals) = postSolution
		SolutionGuid = {602305F7-2BDD-488E-B0D5-251BAFCE45F6}
	EndGlobalSection
EndGlobal
